
Microsoft Visual Studio Solution File, Format Version 12.00
# Visual Studio Version 17
VisualStudioVersion = 17.14.36310.24
MinimumVisualStudioVersion = 10.0.40219.1
Project("{FAE04EC0-301F-11D3-BF4B-00C04F79EFBC}") = "AnonymousDataExplorer", "AnonymousDataExplorer\AnonymousDataExplorer.csproj", "{01A83E28-7B0F-4052-8DAF-2C72D50D5B82}"
EndProject
Global
	GlobalSection(SolutionConfigurationPlatforms) = preSolution
		Debug|Any CPU = Debug|Any CPU
		Release|Any CPU = Release|Any CPU
	EndGlobalSection
	GlobalSection(ProjectConfigurationPlatforms) = postSolution
		{01A83E28-7B0F-4052-8DAF-2C72D50D5B82}.Debug|Any CPU.ActiveCfg = Debug|Any CPU
		{01A83E28-7B0F-4052-8DAF-2C72D50D5B82}.Debug|Any CPU.Build.0 = Debug|Any CPU
		{01A83E28-7B0F-4052-8DAF-2C72D50D5B82}.Release|Any CPU.ActiveCfg = Release|Any CPU
		{01A83E28-7B0F-4052-8DAF-2C72D50D5B82}.Release|Any CPU.Build.0 = Release|Any CPU
	EndGlobalSection
	GlobalSection(SolutionProperties) = preSolution
		HideSolutionNode = FALSE
	EndGlobalSection
	GlobalSection(ExtensibilityGlobals) = postSolution
		SolutionGuid = {64973DFC-74DE-4F75-8034-D10652CC810F}
	EndGlobalSection
EndGlobal
